// !$*UTF8*$!
{
	archiveVersion = 1;
	classes = {
	};
	objectVersion = 46;
	objects = {

/* Begin PBXBuildFile section */
		07BACE1A18F351EB0077E56F /* Foundation.framework in Frameworks */ = {isa = PBXBuildFile; fileRef = 07BACE1918F351EB0077E56F /* Foundation.framework */; };
		07BACE1C18F351EB0077E56F /* CoreGraphics.framework in Frameworks */ = {isa = PBXBuildFile; fileRef = 07BACE1B18F351EB0077E56F /* CoreGraphics.framework */; };
		07BACE1E18F351EB0077E56F /* UIKit.framework in Frameworks */ = {isa = PBXBuildFile; fileRef = 07BACE1D18F351EB0077E56F /* UIKit.framework */; };
		07BACE2418F351EB0077E56F /* InfoPlist.strings in Resources */ = {isa = PBXBuildFile; fileRef = 07BACE2218F351EB0077E56F /* InfoPlist.strings */; };
		07BACE2618F351EB0077E56F /* main.m in Sources */ = {isa = PBXBuildFile; fileRef = 07BACE2518F351EB0077E56F /* main.m */; };
		07BACE2A18F351EB0077E56F /* AppDelegate.m in Sources */ = {isa = PBXBuildFile; fileRef = 07BACE2918F351EB0077E56F /* AppDelegate.m */; };
		07BACE2D18F351EB0077E56F /* Main.storyboard in Resources */ = {isa = PBXBuildFile; fileRef = 07BACE2B18F351EB0077E56F /* Main.storyboard */; };
		07BACE3018F351EB0077E56F /* RootViewController.m in Sources */ = {isa = PBXBuildFile; fileRef = 07BACE2F18F351EB0077E56F /* RootViewController.m */; };
		07BACE3218F351EB0077E56F /* Images.xcassets in Resources */ = {isa = PBXBuildFile; fileRef = 07BACE3118F351EB0077E56F /* Images.xcassets */; };
		07BACE3918F351EB0077E56F /* XCTest.framework in Frameworks */ = {isa = PBXBuildFile; fileRef = 07BACE3818F351EB0077E56F /* XCTest.framework */; };
		07BACE3A18F351EB0077E56F /* Foundation.framework in Frameworks */ = {isa = PBXBuildFile; fileRef = 07BACE1918F351EB0077E56F /* Foundation.framework */; };
		07BACE3B18F351EB0077E56F /* UIKit.framework in Frameworks */ = {isa = PBXBuildFile; fileRef = 07BACE1D18F351EB0077E56F /* UIKit.framework */; };
		07BACE4318F351EB0077E56F /* InfoPlist.strings in Resources */ = {isa = PBXBuildFile; fileRef = 07BACE4118F351EB0077E56F /* InfoPlist.strings */; };
		07BACE4518F351EB0077E56F /* CO2TreeCalculatorTests.m in Sources */ = {isa = PBXBuildFile; fileRef = 07BACE4418F351EB0077E56F /* CO2TreeCalculatorTests.m */; };
		07BACE5018F365550077E56F /* NewSiteViewController.m in Sources */ = {isa = PBXBuildFile; fileRef = 07BACE4F18F365550077E56F /* NewSiteViewController.m */; };
		07BACE5318F365850077E56F /* DataViewController.m in Sources */ = {isa = PBXBuildFile; fileRef = 07BACE5218F365850077E56F /* DataViewController.m */; };
		07BACE5618F365C70077E56F /* TreeTypeViewController.m in Sources */ = {isa = PBXBuildFile; fileRef = 07BACE5518F365C70077E56F /* TreeTypeViewController.m */; };
		07BACE9A18F49BF70077E56F /* Tree.m in Sources */ = {isa = PBXBuildFile; fileRef = 07BACE9918F49BF70077E56F /* Tree.m */; };
		07BACEE118F5CDD00077E56F /* ShowCoordViewController.m in Sources */ = {isa = PBXBuildFile; fileRef = 07BACEE018F5CDD00077E56F /* ShowCoordViewController.m */; };
		07BACEE418F5D0F30077E56F /* Coordinate.m in Sources */ = {isa = PBXBuildFile; fileRef = 07BACEE318F5D0F30077E56F /* Coordinate.m */; };
		07BACEE718F5E8F60077E56F /* SetCoordViewController.m in Sources */ = {isa = PBXBuildFile; fileRef = 07BACEE618F5E8F60077E56F /* SetCoordViewController.m */; };
		07BACEEA18F5F70A0077E56F /* MapViewController.m in Sources */ = {isa = PBXBuildFile; fileRef = 07BACEE918F5F70A0077E56F /* MapViewController.m */; };
		07BACEEC18F5F7AC0077E56F /* MapKit.framework in Frameworks */ = {isa = PBXBuildFile; fileRef = 07BACEEB18F5F7AC0077E56F /* MapKit.framework */; };
		07BACEEE18F5F7B80077E56F /* CoreLocation.framework in Frameworks */ = {isa = PBXBuildFile; fileRef = 07BACEED18F5F7B80077E56F /* CoreLocation.framework */; };
/* End PBXBuildFile section */

/* Begin PBXContainerItemProxy section */
		07BACE3C18F351EB0077E56F /* PBXContainerItemProxy */ = {
			isa = PBXContainerItemProxy;
			containerPortal = 07BACE0E18F351EB0077E56F /* Project object */;
			proxyType = 1;
			remoteGlobalIDString = 07BACE1518F351EB0077E56F;
			remoteInfo = CO2TreeCalculator;
		};
/* End PBXContainerItemProxy section */

/* Begin PBXFileReference section */
		07BACE1618F351EB0077E56F /* CO2TreeCalculator.app */ = {isa = PBXFileReference; explicitFileType = wrapper.application; includeInIndex = 0; path = CO2TreeCalculator.app; sourceTree = BUILT_PRODUCTS_DIR; };
		07BACE1918F351EB0077E56F /* Foundation.framework */ = {isa = PBXFileReference; lastKnownFileType = wrapper.framework; name = Foundation.framework; path = System/Library/Frameworks/Foundation.framework; sourceTree = SDKROOT; };
		07BACE1B18F351EB0077E56F /* CoreGraphics.framework */ = {isa = PBXFileReference; lastKnownFileType = wrapper.framework; name = CoreGraphics.framework; path = System/Library/Frameworks/CoreGraphics.framework; sourceTree = SDKROOT; };
		07BACE1D18F351EB0077E56F /* UIKit.framework */ = {isa = PBXFileReference; lastKnownFileType = wrapper.framework; name = UIKit.framework; path = System/Library/Frameworks/UIKit.framework; sourceTree = SDKROOT; };
		07BACE2118F351EB0077E56F /* CO2TreeCalculator-Info.plist */ = {isa = PBXFileReference; lastKnownFileType = text.plist.xml; path = "CO2TreeCalculator-Info.plist"; sourceTree = "<group>"; };
		07BACE2318F351EB0077E56F /* en */ = {isa = PBXFileReference; lastKnownFileType = text.plist.strings; name = en; path = en.lproj/InfoPlist.strings; sourceTree = "<group>"; };
		07BACE2518F351EB0077E56F /* main.m */ = {isa = PBXFileReference; lastKnownFileType = sourcecode.c.objc; path = main.m; sourceTree = "<group>"; };
		07BACE2718F351EB0077E56F /* CO2TreeCalculator-Prefix.pch */ = {isa = PBXFileReference; lastKnownFileType = sourcecode.c.h; path = "CO2TreeCalculator-Prefix.pch"; sourceTree = "<group>"; };
		07BACE2818F351EB0077E56F /* AppDelegate.h */ = {isa = PBXFileReference; lastKnownFileType = sourcecode.c.h; path = AppDelegate.h; sourceTree = "<group>"; };
		07BACE2918F351EB0077E56F /* AppDelegate.m */ = {isa = PBXFileReference; lastKnownFileType = sourcecode.c.objc; path = AppDelegate.m; sourceTree = "<group>"; };
		07BACE2C18F351EB0077E56F /* Base */ = {isa = PBXFileReference; lastKnownFileType = file.storyboard; name = Base; path = Base.lproj/Main.storyboard; sourceTree = "<group>"; };
		07BACE2E18F351EB0077E56F /* RootViewController.h */ = {isa = PBXFileReference; lastKnownFileType = sourcecode.c.h; path = RootViewController.h; sourceTree = "<group>"; };
		07BACE2F18F351EB0077E56F /* RootViewController.m */ = {isa = PBXFileReference; lastKnownFileType = sourcecode.c.objc; path = RootViewController.m; sourceTree = "<group>"; };
		07BACE3118F351EB0077E56F /* Images.xcassets */ = {isa = PBXFileReference; lastKnownFileType = folder.assetcatalog; path = Images.xcassets; sourceTree = "<group>"; };
		07BACE3718F351EB0077E56F /* CO2TreeCalculatorTests.xctest */ = {isa = PBXFileReference; explicitFileType = wrapper.cfbundle; includeInIndex = 0; path = CO2TreeCalculatorTests.xctest; sourceTree = BUILT_PRODUCTS_DIR; };
		07BACE3818F351EB0077E56F /* XCTest.framework */ = {isa = PBXFileReference; lastKnownFileType = wrapper.framework; name = XCTest.framework; path = Library/Frameworks/XCTest.framework; sourceTree = DEVELOPER_DIR; };
		07BACE4018F351EB0077E56F /* CO2TreeCalculatorTests-Info.plist */ = {isa = PBXFileReference; lastKnownFileType = text.plist.xml; path = "CO2TreeCalculatorTests-Info.plist"; sourceTree = "<group>"; };
		07BACE4218F351EB0077E56F /* en */ = {isa = PBXFileReference; lastKnownFileType = text.plist.strings; name = en; path = en.lproj/InfoPlist.strings; sourceTree = "<group>"; };
		07BACE4418F351EB0077E56F /* CO2TreeCalculatorTests.m */ = {isa = PBXFileReference; lastKnownFileType = sourcecode.c.objc; path = CO2TreeCalculatorTests.m; sourceTree = "<group>"; };
		07BACE4E18F365550077E56F /* NewSiteViewController.h */ = {isa = PBXFileReference; fileEncoding = 4; lastKnownFileType = sourcecode.c.h; path = NewSiteViewController.h; sourceTree = "<group>"; };
		07BACE4F18F365550077E56F /* NewSiteViewController.m */ = {isa = PBXFileReference; fileEncoding = 4; lastKnownFileType = sourcecode.c.objc; path = NewSiteViewController.m; sourceTree = "<group>"; };
		07BACE5118F365850077E56F /* DataViewController.h */ = {isa = PBXFileReference; fileEncoding = 4; lastKnownFileType = sourcecode.c.h; path = DataViewController.h; sourceTree = "<group>"; };
		07BACE5218F365850077E56F /* DataViewController.m */ = {isa = PBXFileReference; fileEncoding = 4; lastKnownFileType = sourcecode.c.objc; path = DataViewController.m; sourceTree = "<group>"; };
		07BACE5418F365C70077E56F /* TreeTypeViewController.h */ = {isa = PBXFileReference; fileEncoding = 4; lastKnownFileType = sourcecode.c.h; path = TreeTypeViewController.h; sourceTree = "<group>"; };
		07BACE5518F365C70077E56F /* TreeTypeViewController.m */ = {isa = PBXFileReference; fileEncoding = 4; lastKnownFileType = sourcecode.c.objc; path = TreeTypeViewController.m; sourceTree = "<group>"; };
		07BACE9818F49BF70077E56F /* Tree.h */ = {isa = PBXFileReference; fileEncoding = 4; lastKnownFileType = sourcecode.c.h; path = Tree.h; sourceTree = "<group>"; };
		07BACE9918F49BF70077E56F /* Tree.m */ = {isa = PBXFileReference; fileEncoding = 4; lastKnownFileType = sourcecode.c.objc; path = Tree.m; sourceTree = "<group>"; };
		07BACEDF18F5CDD00077E56F /* ShowCoordViewController.h */ = {isa = PBXFileReference; fileEncoding = 4; lastKnownFileType = sourcecode.c.h; path = ShowCoordViewController.h; sourceTree = "<group>"; };
		07BACEE018F5CDD00077E56F /* ShowCoordViewController.m */ = {isa = PBXFileReference; fileEncoding = 4; lastKnownFileType = sourcecode.c.objc; path = ShowCoordViewController.m; sourceTree = "<group>"; };
		07BACEE218F5D0F30077E56F /* Coordinate.h */ = {isa = PBXFileReference; fileEncoding = 4; lastKnownFileType = sourcecode.c.h; path = Coordinate.h; sourceTree = "<group>"; };
		07BACEE318F5D0F30077E56F /* Coordinate.m */ = {isa = PBXFileReference; fileEncoding = 4; lastKnownFileType = sourcecode.c.objc; path = Coordinate.m; sourceTree = "<group>"; };
		07BACEE518F5E8F60077E56F /* SetCoordViewController.h */ = {isa = PBXFileReference; fileEncoding = 4; lastKnownFileType = sourcecode.c.h; path = SetCoordViewController.h; sourceTree = "<group>"; };
		07BACEE618F5E8F60077E56F /* SetCoordViewController.m */ = {isa = PBXFileReference; fileEncoding = 4; lastKnownFileType = sourcecode.c.objc; path = SetCoordViewController.m; sourceTree = "<group>"; };
		07BACEE818F5F70A0077E56F /* MapViewController.h */ = {isa = PBXFileReference; fileEncoding = 4; lastKnownFileType = sourcecode.c.h; path = MapViewController.h; sourceTree = "<group>"; };
		07BACEE918F5F70A0077E56F /* MapViewController.m */ = {isa = PBXFileReference; fileEncoding = 4; lastKnownFileType = sourcecode.c.objc; path = MapViewController.m; sourceTree = "<group>"; };
		07BACEEB18F5F7AC0077E56F /* MapKit.framework */ = {isa = PBXFileReference; lastKnownFileType = wrapper.framework; name = MapKit.framework; path = System/Library/Frameworks/MapKit.framework; sourceTree = SDKROOT; };
		07BACEED18F5F7B80077E56F /* CoreLocation.framework */ = {isa = PBXFileReference; lastKnownFileType = wrapper.framework; name = CoreLocation.framework; path = System/Library/Frameworks/CoreLocation.framework; sourceTree = SDKROOT; };
/* End PBXFileReference section */

/* Begin PBXFrameworksBuildPhase section */
		07BACE1318F351EB0077E56F /* Frameworks */ = {
			isa = PBXFrameworksBuildPhase;
			buildActionMask = 2147483647;
			files = (
				07BACEEE18F5F7B80077E56F /* CoreLocation.framework in Frameworks */,
				07BACEEC18F5F7AC0077E56F /* MapKit.framework in Frameworks */,
				07BACE1C18F351EB0077E56F /* CoreGraphics.framework in Frameworks */,
				07BACE1E18F351EB0077E56F /* UIKit.framework in Frameworks */,
				07BACE1A18F351EB0077E56F /* Foundation.framework in Frameworks */,
			);
			runOnlyForDeploymentPostprocessing = 0;
		};
		07BACE3418F351EB0077E56F /* Frameworks */ = {
			isa = PBXFrameworksBuildPhase;
			buildActionMask = 2147483647;
			files = (
				07BACE3918F351EB0077E56F /* XCTest.framework in Frameworks */,
				07BACE3B18F351EB0077E56F /* UIKit.framework in Frameworks */,
				07BACE3A18F351EB0077E56F /* Foundation.framework in Frameworks */,
			);
			runOnlyForDeploymentPostprocessing = 0;
		};
/* End PBXFrameworksBuildPhase section */

/* Begin PBXGroup section */
		07BACE0D18F351EB0077E56F = {
			isa = PBXGroup;
			children = (
				07BACE1F18F351EB0077E56F /* CO2TreeCalculator */,
				07BACE3E18F351EB0077E56F /* CO2TreeCalculatorTests */,
				07BACE1818F351EB0077E56F /* Frameworks */,
				07BACE1718F351EB0077E56F /* Products */,
			);
			sourceTree = "<group>";
		};
		07BACE1718F351EB0077E56F /* Products */ = {
			isa = PBXGroup;
			children = (
				07BACE1618F351EB0077E56F /* CO2TreeCalculator.app */,
				07BACE3718F351EB0077E56F /* CO2TreeCalculatorTests.xctest */,
			);
			name = Products;
			sourceTree = "<group>";
		};
		07BACE1818F351EB0077E56F /* Frameworks */ = {
			isa = PBXGroup;
			children = (
				07BACEED18F5F7B80077E56F /* CoreLocation.framework */,
				07BACEEB18F5F7AC0077E56F /* MapKit.framework */,
				07BACE1918F351EB0077E56F /* Foundation.framework */,
				07BACE1B18F351EB0077E56F /* CoreGraphics.framework */,
				07BACE1D18F351EB0077E56F /* UIKit.framework */,
				07BACE3818F351EB0077E56F /* XCTest.framework */,
			);
			name = Frameworks;
			sourceTree = "<group>";
		};
		07BACE1F18F351EB0077E56F /* CO2TreeCalculator */ = {
			isa = PBXGroup;
			children = (
				07BACE2818F351EB0077E56F /* AppDelegate.h */,
				07BACE2918F351EB0077E56F /* AppDelegate.m */,
				07BACE2B18F351EB0077E56F /* Main.storyboard */,
				07BACE2E18F351EB0077E56F /* RootViewController.h */,
				07BACE2F18F351EB0077E56F /* RootViewController.m */,
				07BACE4E18F365550077E56F /* NewSiteViewController.h */,
				07BACE4F18F365550077E56F /* NewSiteViewController.m */,
				07BACE5118F365850077E56F /* DataViewController.h */,
				07BACE5218F365850077E56F /* DataViewController.m */,
				07BACE5418F365C70077E56F /* TreeTypeViewController.h */,
				07BACE5518F365C70077E56F /* TreeTypeViewController.m */,
				07BACEDF18F5CDD00077E56F /* ShowCoordViewController.h */,
				07BACEE018F5CDD00077E56F /* ShowCoordViewController.m */,
				07BACEE518F5E8F60077E56F /* SetCoordViewController.h */,
				07BACEE618F5E8F60077E56F /* SetCoordViewController.m */,
				07BACEE818F5F70A0077E56F /* MapViewController.h */,
				07BACEE918F5F70A0077E56F /* MapViewController.m */,
				07BACEE218F5D0F30077E56F /* Coordinate.h */,
				07BACEE318F5D0F30077E56F /* Coordinate.m */,
				07BACE9818F49BF70077E56F /* Tree.h */,
				07BACE9918F49BF70077E56F /* Tree.m */,
				07BACE3118F351EB0077E56F /* Images.xcassets */,
				07BACE2018F351EB0077E56F /* Supporting Files */,
			);
			path = CO2TreeCalculator;
			sourceTree = "<group>";
		};
		07BACE2018F351EB0077E56F /* Supporting Files */ = {
			isa = PBXGroup;
			children = (
				07BACE2118F351EB0077E56F /* CO2TreeCalculator-Info.plist */,
				07BACE2218F351EB0077E56F /* InfoPlist.strings */,
				07BACE2518F351EB0077E56F /* main.m */,
				07BACE2718F351EB0077E56F /* CO2TreeCalculator-Prefix.pch */,
			);
			name = "Supporting Files";
			sourceTree = "<group>";
		};
		07BACE3E18F351EB0077E56F /* CO2TreeCalculatorTests */ = {
			isa = PBXGroup;
			children = (
				07BACE4418F351EB0077E56F /* CO2TreeCalculatorTests.m */,
				07BACE3F18F351EB0077E56F /* Supporting Files */,
			);
			path = CO2TreeCalculatorTests;
			sourceTree = "<group>";
		};
		07BACE3F18F351EB0077E56F /* Supporting Files */ = {
			isa = PBXGroup;
			children = (
				07BACE4018F351EB0077E56F /* CO2TreeCalculatorTests-Info.plist */,
				07BACE4118F351EB0077E56F /* InfoPlist.strings */,
			);
			name = "Supporting Files";
			sourceTree = "<group>";
		};
/* End PBXGroup section */

/* Begin PBXNativeTarget section */
		07BACE1518F351EB0077E56F /* CO2TreeCalculator */ = {
			isa = PBXNativeTarget;
			buildConfigurationList = 07BACE4818F351EB0077E56F /* Build configuration list for PBXNativeTarget "CO2TreeCalculator" */;
			buildPhases = (
				07BACE1218F351EB0077E56F /* Sources */,
				07BACE1318F351EB0077E56F /* Frameworks */,
				07BACE1418F351EB0077E56F /* Resources */,
			);
			buildRules = (
			);
			dependencies = (
			);
			name = CO2TreeCalculator;
			productName = CO2TreeCalculator;
			productReference = 07BACE1618F351EB0077E56F /* CO2TreeCalculator.app */;
			productType = "com.apple.product-type.application";
		};
		07BACE3618F351EB0077E56F /* CO2TreeCalculatorTests */ = {
			isa = PBXNativeTarget;
			buildConfigurationList = 07BACE4B18F351EB0077E56F /* Build configuration list for PBXNativeTarget "CO2TreeCalculatorTests" */;
			buildPhases = (
				07BACE3318F351EB0077E56F /* Sources */,
				07BACE3418F351EB0077E56F /* Frameworks */,
				07BACE3518F351EB0077E56F /* Resources */,
			);
			buildRules = (
			);
			dependencies = (
				07BACE3D18F351EB0077E56F /* PBXTargetDependency */,
			);
			name = CO2TreeCalculatorTests;
			productName = CO2TreeCalculatorTests;
			productReference = 07BACE3718F351EB0077E56F /* CO2TreeCalculatorTests.xctest */;
			productType = "com.apple.product-type.bundle.unit-test";
		};
/* End PBXNativeTarget section */

/* Begin PBXProject section */
		07BACE0E18F351EB0077E56F /* Project object */ = {
			isa = PBXProject;
			attributes = {
				LastUpgradeCheck = 0510;
				ORGANIZATIONNAME = "Dan Szeezil";
				TargetAttributes = {
					07BACE3618F351EB0077E56F = {
						TestTargetID = 07BACE1518F351EB0077E56F;
					};
				};
			};
			buildConfigurationList = 07BACE1118F351EB0077E56F /* Build configuration list for PBXProject "CO2TreeCalculator" */;
			compatibilityVersion = "Xcode 3.2";
			developmentRegion = English;
			hasScannedForEncodings = 0;
			knownRegions = (
				en,
				Base,
			);
			mainGroup = 07BACE0D18F351EB0077E56F;
			productRefGroup = 07BACE1718F351EB0077E56F /* Products */;
			projectDirPath = "";
			projectRoot = "";
			targets = (
				07BACE1518F351EB0077E56F /* CO2TreeCalculator */,
				07BACE3618F351EB0077E56F /* CO2TreeCalculatorTests */,
			);
		};
/* End PBXProject section */

/* Begin PBXResourcesBuildPhase section */
		07BACE1418F351EB0077E56F /* Resources */ = {
			isa = PBXResourcesBuildPhase;
			buildActionMask = 2147483647;
			files = (
				07BACE3218F351EB0077E56F /* Images.xcassets in Resources */,
				07BACE2418F351EB0077E56F /* InfoPlist.strings in Resources */,
				07BACE2D18F351EB0077E56F /* Main.storyboard in Resources */,
			);
			runOnlyForDeploymentPostprocessing = 0;
		};
		07BACE3518F351EB0077E56F /* Resources */ = {
			isa = PBXResourcesBuildPhase;
			buildActionMask = 2147483647;
			files = (
				07BACE4318F351EB0077E56F /* InfoPlist.strings in Resources */,
			);
			runOnlyForDeploymentPostprocessing = 0;
		};
/* End PBXResourcesBuildPhase section */

/* Begin PBXSourcesBuildPhase section */
		07BACE1218F351EB0077E56F /* Sources */ = {
			isa = PBXSourcesBuildPhase;
			buildActionMask = 2147483647;
			files = (
				07BACE3018F351EB0077E56F /* RootViewController.m in Sources */,
				07BACE2A18F351EB0077E56F /* AppDelegate.m in Sources */,
				07BACEE118F5CDD00077E56F /* ShowCoordViewController.m in Sources */,
				07BACEE418F5D0F30077E56F /* Coordinate.m in Sources */,
				07BACE5618F365C70077E56F /* TreeTypeViewController.m in Sources */,
				07BACE2618F351EB0077E56F /* main.m in Sources */,
				07BACE5018F365550077E56F /* NewSiteViewController.m in Sources */,
				07BACE9A18F49BF70077E56F /* Tree.m in Sources */,
				07BACE5318F365850077E56F /* DataViewController.m in Sources */,
				07BACEE718F5E8F60077E56F /* SetCoordViewController.m in Sources */,
				07BACEEA18F5F70A0077E56F /* MapViewController.m in Sources */,
			);
			runOnlyForDeploymentPostprocessing = 0;
		};
		07BACE3318F351EB0077E56F /* Sources */ = {
			isa = PBXSourcesBuildPhase;
			buildActionMask = 2147483647;
			files = (
				07BACE4518F351EB0077E56F /* CO2TreeCalculatorTests.m in Sources */,
			);
			runOnlyForDeploymentPostprocessing = 0;
		};
/* End PBXSourcesBuildPhase section */

/* Begin PBXTargetDependency section */
		07BACE3D18F351EB0077E56F /* PBXTargetDependency */ = {
			isa = PBXTargetDependency;
			target = 07BACE1518F351EB0077E56F /* CO2TreeCalculator */;
			targetProxy = 07BACE3C18F351EB0077E56F /* PBXContainerItemProxy */;
		};
/* End PBXTargetDependency section */

/* Begin PBXVariantGroup section */
		07BACE2218F351EB0077E56F /* InfoPlist.strings */ = {
			isa = PBXVariantGroup;
			children = (
				07BACE2318F351EB0077E56F /* en */,
			);
			name = InfoPlist.strings;
			sourceTree = "<group>";
		};
		07BACE2B18F351EB0077E56F /* Main.storyboard */ = {
			isa = PBXVariantGroup;
			children = (
				07BACE2C18F351EB0077E56F /* Base */,
			);
			name = Main.storyboard;
			sourceTree = "<group>";
		};
		07BACE4118F351EB0077E56F /* InfoPlist.strings */ = {
			isa = PBXVariantGroup;
			children = (
				07BACE4218F351EB0077E56F /* en */,
			);
			name = InfoPlist.strings;
			sourceTree = "<group>";
		};
/* End PBXVariantGroup section */

/* Begin XCBuildConfiguration section */
		07BACE4618F351EB0077E56F /* Debug */ = {
			isa = XCBuildConfiguration;
			buildSettings = {
				ALWAYS_SEARCH_USER_PATHS = NO;
				CLANG_CXX_LANGUAGE_STANDARD = "gnu++0x";
				CLANG_CXX_LIBRARY = "libc++";
				CLANG_ENABLE_MODULES = YES;
				CLANG_ENABLE_OBJC_ARC = YES;
				CLANG_WARN_BOOL_CONVERSION = YES;
				CLANG_WARN_CONSTANT_CONVERSION = YES;
				CLANG_WARN_DIRECT_OBJC_ISA_USAGE = YES_ERROR;
				CLANG_WARN_EMPTY_BODY = YES;
				CLANG_WARN_ENUM_CONVERSION = YES;
				CLANG_WARN_INT_CONVERSION = YES;
				CLANG_WARN_OBJC_ROOT_CLASS = YES_ERROR;
				CLANG_WARN__DUPLICATE_METHOD_MATCH = YES;
				"CODE_SIGN_IDENTITY[sdk=iphoneos*]" = "iPhone Developer";
				COPY_PHASE_STRIP = NO;
				GCC_C_LANGUAGE_STANDARD = gnu99;
				GCC_DYNAMIC_NO_PIC = NO;
				GCC_OPTIMIZATION_LEVEL = 0;
				GCC_PREPROCESSOR_DEFINITIONS = (
					"DEBUG=1",
					"$(inherited)",
				);
				GCC_SYMBOLS_PRIVATE_EXTERN = NO;
				GCC_WARN_64_TO_32_BIT_CONVERSION = YES;
				GCC_WARN_ABOUT_RETURN_TYPE = YES_ERROR;
				GCC_WARN_UNDECLARED_SELECTOR = YES;
				GCC_WARN_UNINITIALIZED_AUTOS = YES_AGGRESSIVE;
				GCC_WARN_UNUSED_FUNCTION = YES;
				GCC_WARN_UNUSED_VARIABLE = YES;
				IPHONEOS_DEPLOYMENT_TARGET = 7.1;
				ONLY_ACTIVE_ARCH = YES;
				SDKROOT = iphoneos;
			};
			name = Debug;
		};
		07BACE4718F351EB0077E56F /* Release */ = {
			isa = XCBuildConfiguration;
			buildSettings = {
				ALWAYS_SEARCH_USER_PATHS = NO;
				CLANG_CXX_LANGUAGE_STANDARD = "gnu++0x";
				CLANG_CXX_LIBRARY = "libc++";
				CLANG_ENABLE_MODULES = YES;
				CLANG_ENABLE_OBJC_ARC = YES;
				CLANG_WARN_BOOL_CONVERSION = YES;
				CLANG_WARN_CONSTANT_CONVERSION = YES;
				CLANG_WARN_DIRECT_OBJC_ISA_USAGE = YES_ERROR;
				CLANG_WARN_EMPTY_BODY = YES;
				CLANG_WARN_ENUM_CONVERSION = YES;
				CLANG_WARN_INT_CONVERSION = YES;
				CLANG_WARN_OBJC_ROOT_CLASS = YES_ERROR;
				CLANG_WARN__DUPLICATE_METHOD_MATCH = YES;
				"CODE_SIGN_IDENTITY[sdk=iphoneos*]" = "iPhone Developer";
				COPY_PHASE_STRIP = YES;
				ENABLE_NS_ASSERTIONS = NO;
				GCC_C_LANGUAGE_STANDARD = gnu99;
				GCC_WARN_64_TO_32_BIT_CONVERSION = YES;
				GCC_WARN_ABOUT_RETURN_TYPE = YES_ERROR;
				GCC_WARN_UNDECLARED_SELECTOR = YES;
				GCC_WARN_UNINITIALIZED_AUTOS = YES_AGGRESSIVE;
				GCC_WARN_UNUSED_FUNCTION = YES;
				GCC_WARN_UNUSED_VARIABLE = YES;
				IPHONEOS_DEPLOYMENT_TARGET = 7.1;
				SDKROOT = iphoneos;
				VALIDATE_PRODUCT = YES;
			};
			name = Release;
		};
		07BACE4918F351EB0077E56F /* Debug */ = {
			isa = XCBuildConfiguration;
			buildSettings = {
				ASSETCATALOG_COMPILER_APPICON_NAME = AppIcon;
				ASSETCATALOG_COMPILER_LAUNCHIMAGE_NAME = LaunchImage;
				GCC_PRECOMPILE_PREFIX_HEADER = YES;
				GCC_PREFIX_HEADER = "CO2TreeCalculator/CO2TreeCalculator-Prefix.pch";
				INFOPLIST_FILE = "CO2TreeCalculator/CO2TreeCalculator-Info.plist";
				PRODUCT_NAME = "$(TARGET_NAME)";
				WRAPPER_EXTENSION = app;
			};
			name = Debug;
		};
		07BACE4A18F351EB0077E56F /* Release */ = {
			isa = XCBuildConfiguration;
			buildSettings = {
				ASSETCATALOG_COMPILER_APPICON_NAME = AppIcon;
				ASSETCATALOG_COMPILER_LAUNCHIMAGE_NAME = LaunchImage;
				GCC_PRECOMPILE_PREFIX_HEADER = YES;
				GCC_PREFIX_HEADER = "CO2TreeCalculator/CO2TreeCalculator-Prefix.pch";
				INFOPLIST_FILE = "CO2TreeCalculator/CO2TreeCalculator-Info.plist";
				PRODUCT_NAME = "$(TARGET_NAME)";
				WRAPPER_EXTENSION = app;
			};
			name = Release;
		};
		07BACE4C18F351EB0077E56F /* Debug */ = {
			isa = XCBuildConfiguration;
			buildSettings = {
				BUNDLE_LOADER = "$(BUILT_PRODUCTS_DIR)/CO2TreeCalculator.app/CO2TreeCalculator";
				FRAMEWORK_SEARCH_PATHS = (
					"$(SDKROOT)/Developer/Library/Frameworks",
					"$(inherited)",
					"$(DEVELOPER_FRAMEWORKS_DIR)",
				);
				GCC_PRECOMPILE_PREFIX_HEADER = YES;
				GCC_PREFIX_HEADER = "CO2TreeCalculator/CO2TreeCalculator-Prefix.pch";
				GCC_PREPROCESSOR_DEFINITIONS = (
					"DEBUG=1",
					"$(inherited)",
				);
				INFOPLIST_FILE = "CO2TreeCalculatorTests/CO2TreeCalculatorTests-Info.plist";
				PRODUCT_NAME = "$(TARGET_NAME)";
				TEST_HOST = "$(BUNDLE_LOADER)";
				WRAPPER_EXTENSION = xctest;
			};
			name = Debug;
		};
		07BACE4D18F351EB0077E56F /* Release */ = {
			isa = XCBuildConfiguration;
			buildSettings = {
				BUNDLE_LOADER = "$(BUILT_PRODUCTS_DIR)/CO2TreeCalculator.app/CO2TreeCalculator";
				FRAMEWORK_SEARCH_PATHS = (
					"$(SDKROOT)/Developer/Library/Frameworks",
					"$(inherited)",
					"$(DEVELOPER_FRAMEWORKS_DIR)",
				);
				GCC_PRECOMPILE_PREFIX_HEADER = YES;
				GCC_PREFIX_HEADER = "CO2TreeCalculator/CO2TreeCalculator-Prefix.pch";
				INFOPLIST_FILE = "CO2TreeCalculatorTests/CO2TreeCalculatorTests-Info.plist";
				PRODUCT_NAME = "$(TARGET_NAME)";
				TEST_HOST = "$(BUNDLE_LOADER)";
				WRAPPER_EXTENSION = xctest;
			};
			name = Release;
		};
/* End XCBuildConfiguration section */

/* Begin XCConfigurationList section */
		07BACE1118F351EB0077E56F /* Build configuration list for PBXProject "CO2TreeCalculator" */ = {
			isa = XCConfigurationList;
			buildConfigurations = (
				07BACE4618F351EB0077E56F /* Debug */,
				07BACE4718F351EB0077E56F /* Release */,
			);
			defaultConfigurationIsVisible = 0;
			defaultConfigurationName = Release;
		};
		07BACE4818F351EB0077E56F /* Build configuration list for PBXNativeTarget "CO2TreeCalculator" */ = {
			isa = XCConfigurationList;
			buildConfigurations = (
				07BACE4918F351EB0077E56F /* Debug */,
				07BACE4A18F351EB0077E56F /* Release */,
			);
			defaultConfigurationIsVisible = 0;
			defaultConfigurationName = Release;
		};
		07BACE4B18F351EB0077E56F /* Build configuration list for PBXNativeTarget "CO2TreeCalculatorTests" */ = {
			isa = XCConfigurationList;
			buildConfigurations = (
				07BACE4C18F351EB0077E56F /* Debug */,
				07BACE4D18F351EB0077E56F /* Release */,
			);
			defaultConfigurationIsVisible = 0;
			defaultConfigurationName = Release;
		};
/* End XCConfigurationList section */
	};
	rootObject = 07BACE0E18F351EB0077E56F /* Project object */;
}
